
Microsoft Visual Studio Solution File, Format Version 12.00
# Visual Studio Version 17
VisualStudioVersion = 17.5.002.0
MinimumVisualStudioVersion = 10.0.40219.1
Project("{9A19103F-16F7-4668-BE54-9A1E7A4F7556}") = "task00", "task00\task00.csproj", "{8302F5D8-CBDA-45CB-BC74-68F25FBBCB9F}"
EndProject
Project("{9A19103F-16F7-4668-BE54-9A1E7A4F7556}") = "task01", "task01\task01.csproj", "{9BFEF5A5-F0A9-4BD7-8145-F5466B270C02}"
EndProject
Project("{9A19103F-16F7-4668-BE54-9A1E7A4F7556}") = "task02", "task02\task02.csproj", "{992803EB-AE4E-46C1-A629-3C5532E15004}"
EndProject
Project("{9A19103F-16F7-4668-BE54-9A1E7A4F7556}") = "task03", "task03\task03.csproj", "{6A0AD8D2-4BAC-40AA-A069-09EE523A244A}"
EndProject
Project("{9A19103F-16F7-4668-BE54-9A1E7A4F7556}") = "task04", "task04\task04.csproj", "{5142FF1E-3D70-4671-A738-DE7A97BF75CA}"
EndProject
Project("{9A19103F-16F7-4668-BE54-9A1E7A4F7556}") = "task05", "task05\task05.csproj", "{5B11DEC1-21AA-475A-83E4-441346312A3B}"
EndProject
Project("{9A19103F-16F7-4668-BE54-9A1E7A4F7556}") = "task06", "task06\task06.csproj", "{8E28FE4B-822D-40E8-A5CE-A363F8368235}"
EndProject
Project("{9A19103F-16F7-4668-BE54-9A1E7A4F7556}") = "task07", "task07\task07.csproj", "{C89EB438-9B3F-44B4-A883-E81A73C6C102}"
EndProject
Project("{9A19103F-16F7-4668-BE54-9A1E7A4F7556}") = "task08", "task08\task08.csproj", "{541B38CA-B89D-4E10-9A82-8BF7B7C38578}"
EndProject
Project("{9A19103F-16F7-4668-BE54-9A1E7A4F7556}") = "task09", "task09\task09.csproj", "{20CCB82B-1829-4A49-8F93-A10A5848C35A}"
EndProject
Project("{9A19103F-16F7-4668-BE54-9A1E7A4F7556}") = "task10", "task10\task10.csproj", "{951EBD1F-F18F-46EE-B835-55DD6EE4476D}"
EndProject
Project("{9A19103F-16F7-4668-BE54-9A1E7A4F7556}") = "task11", "task11\task11.csproj", "{0B418084-6BC2-44CF-9CFA-BCB9FD0BE7E6}"
EndProject
Project("{9A19103F-16F7-4668-BE54-9A1E7A4F7556}") = "task12", "task12\task12.csproj", "{CE34E580-C7CB-4190-9CEE-33938114DB60}"
EndProject
Project("{9A19103F-16F7-4668-BE54-9A1E7A4F7556}") = "task13", "task13\task13.csproj", "{8108E397-BA0F-4F40-9B57-ED11F2529590}"
EndProject
Project("{9A19103F-16F7-4668-BE54-9A1E7A4F7556}") = "task11 (1)", "task14\task11.csproj", "{E51E706C-7345-434D-A3F7-477876D7239F}"
EndProject
Project("{9A19103F-16F7-4668-BE54-9A1E7A4F7556}") = "task15", "task15\task15.csproj", "{3B1D3102-044A-4A0A-BF4B-80CB60E9F246}"
EndProject
Project("{9A19103F-16F7-4668-BE54-9A1E7A4F7556}") = "task16", "task16\task16.csproj", "{8F5030BD-471C-4FFE-B040-990846295F87}"
EndProject
Project("{9A19103F-16F7-4668-BE54-9A1E7A4F7556}") = "task17", "task17\task17.csproj", "{04AE20F1-CFD0-45EB-B871-3D6E05D148D1}"
EndProject
Global
	GlobalSection(SolutionConfigurationPlatforms) = preSolution
		Debug|Any CPU = Debug|Any CPU
		Release|Any CPU = Release|Any CPU
	EndGlobalSection
	GlobalSection(ProjectConfigurationPlatforms) = postSolution
		{8302F5D8-CBDA-45CB-BC74-68F25FBBCB9F}.Debug|Any CPU.ActiveCfg = Debug|Any CPU
		{8302F5D8-CBDA-45CB-BC74-68F25FBBCB9F}.Debug|Any CPU.Build.0 = Debug|Any CPU
		{8302F5D8-CBDA-45CB-BC74-68F25FBBCB9F}.Release|Any CPU.ActiveCfg = Release|Any CPU
		{8302F5D8-CBDA-45CB-BC74-68F25FBBCB9F}.Release|Any CPU.Build.0 = Release|Any CPU
		{9BFEF5A5-F0A9-4BD7-8145-F5466B270C02}.Debug|Any CPU.ActiveCfg = Debug|Any CPU
		{9BFEF5A5-F0A9-4BD7-8145-F5466B270C02}.Debug|Any CPU.Build.0 = Debug|Any CPU
		{9BFEF5A5-F0A9-4BD7-8145-F5466B270C02}.Release|Any CPU.ActiveCfg = Release|Any CPU
		{9BFEF5A5-F0A9-4BD7-8145-F5466B270C02}.Release|Any CPU.Build.0 = Release|Any CPU
		{992803EB-AE4E-46C1-A629-3C5532E15004}.Debug|Any CPU.ActiveCfg = Debug|Any CPU
		{992803EB-AE4E-46C1-A629-3C5532E15004}.Debug|Any CPU.Build.0 = Debug|Any CPU
		{992803EB-AE4E-46C1-A629-3C5532E15004}.Release|Any CPU.ActiveCfg = Release|Any CPU
		{992803EB-AE4E-46C1-A629-3C5532E15004}.Release|Any CPU.Build.0 = Release|Any CPU
		{6A0AD8D2-4BAC-40AA-A069-09EE523A244A}.Debug|Any CPU.ActiveCfg = Debug|Any CPU
		{6A0AD8D2-4BAC-40AA-A069-09EE523A244A}.Debug|Any CPU.Build.0 = Debug|Any CPU
		{6A0AD8D2-4BAC-40AA-A069-09EE523A244A}.Release|Any CPU.ActiveCfg = Release|Any CPU
		{6A0AD8D2-4BAC-40AA-A069-09EE523A244A}.Release|Any CPU.Build.0 = Release|Any CPU
		{5142FF1E-3D70-4671-A738-DE7A97BF75CA}.Debug|Any CPU.ActiveCfg = Debug|Any CPU
		{5142FF1E-3D70-4671-A738-DE7A97BF75CA}.Debug|Any CPU.Build.0 = Debug|Any CPU
		{5142FF1E-3D70-4671-A738-DE7A97BF75CA}.Release|Any CPU.ActiveCfg = Release|Any CPU
		{5142FF1E-3D70-4671-A738-DE7A97BF75CA}.Release|Any CPU.Build.0 = Release|Any CPU
		{5B11DEC1-21AA-475A-83E4-441346312A3B}.Debug|Any CPU.ActiveCfg = Debug|Any CPU
		{5B11DEC1-21AA-475A-83E4-441346312A3B}.Debug|Any CPU.Build.0 = Debug|Any CPU
		{5B11DEC1-21AA-475A-83E4-441346312A3B}.Release|Any CPU.ActiveCfg = Release|Any CPU
		{5B11DEC1-21AA-475A-83E4-441346312A3B}.Release|Any CPU.Build.0 = Release|Any CPU
		{8E28FE4B-822D-40E8-A5CE-A363F8368235}.Debug|Any CPU.ActiveCfg = Debug|Any CPU
		{8E28FE4B-822D-40E8-A5CE-A363F8368235}.Debug|Any CPU.Build.0 = Debug|Any CPU
		{8E28FE4B-822D-40E8-A5CE-A363F8368235}.Release|Any CPU.ActiveCfg = Release|Any CPU
		{8E28FE4B-822D-40E8-A5CE-A363F8368235}.Release|Any CPU.Build.0 = Release|Any CPU
		{C89EB438-9B3F-44B4-A883-E81A73C6C102}.Debug|Any CPU.ActiveCfg = Debug|Any CPU
		{C89EB438-9B3F-44B4-A883-E81A73C6C102}.Debug|Any CPU.Build.0 = Debug|Any CPU
		{C89EB438-9B3F-44B4-A883-E81A73C6C102}.Release|Any CPU.ActiveCfg = Release|Any CPU
		{C89EB438-9B3F-44B4-A883-E81A73C6C102}.Release|Any CPU.Build.0 = Release|Any CPU
		{541B38CA-B89D-4E10-9A82-8BF7B7C38578}.Debug|Any CPU.ActiveCfg = Debug|Any CPU
		{541B38CA-B89D-4E10-9A82-8BF7B7C38578}.Debug|Any CPU.Build.0 = Debug|Any CPU
		{541B38CA-B89D-4E10-9A82-8BF7B7C38578}.Release|Any CPU.ActiveCfg = Release|Any CPU
		{541B38CA-B89D-4E10-9A82-8BF7B7C38578}.Release|Any CPU.Build.0 = Release|Any CPU
		{20CCB82B-1829-4A49-8F93-A10A5848C35A}.Debug|Any CPU.ActiveCfg = Debug|Any CPU
		{20CCB82B-1829-4A49-8F93-A10A5848C35A}.Debug|Any CPU.Build.0 = Debug|Any CPU
		{20CCB82B-1829-4A49-8F93-A10A5848C35A}.Release|Any CPU.ActiveCfg = Release|Any CPU
		{20CCB82B-1829-4A49-8F93-A10A5848C35A}.Release|Any CPU.Build.0 = Release|Any CPU
		{951EBD1F-F18F-46EE-B835-55DD6EE4476D}.Debug|Any CPU.ActiveCfg = Debug|Any CPU
		{951EBD1F-F18F-46EE-B835-55DD6EE4476D}.Debug|Any CPU.Build.0 = Debug|Any CPU
		{951EBD1F-F18F-46EE-B835-55DD6EE4476D}.Release|Any CPU.ActiveCfg = Release|Any CPU
		{951EBD1F-F18F-46EE-B835-55DD6EE4476D}.Release|Any CPU.Build.0 = Release|Any CPU
		{0B418084-6BC2-44CF-9CFA-BCB9FD0BE7E6}.Debug|Any CPU.ActiveCfg = Debug|Any CPU
		{0B418084-6BC2-44CF-9CFA-BCB9FD0BE7E6}.Debug|Any CPU.Build.0 = Debug|Any CPU
		{0B418084-6BC2-44CF-9CFA-BCB9FD0BE7E6}.Release|Any CPU.ActiveCfg = Release|Any CPU
		{0B418084-6BC2-44CF-9CFA-BCB9FD0BE7E6}.Release|Any CPU.Build.0 = Release|Any CPU
		{CE34E580-C7CB-4190-9CEE-33938114DB60}.Debug|Any CPU.ActiveCfg = Debug|Any CPU
		{CE34E580-C7CB-4190-9CEE-33938114DB60}.Debug|Any CPU.Build.0 = Debug|Any CPU
		{CE34E580-C7CB-4190-9CEE-33938114DB60}.Release|Any CPU.ActiveCfg = Release|Any CPU
		{CE34E580-C7CB-4190-9CEE-33938114DB60}.Release|Any CPU.Build.0 = Release|Any CPU
		{8108E397-BA0F-4F40-9B57-ED11F2529590}.Debug|Any CPU.ActiveCfg = Debug|Any CPU
		{8108E397-BA0F-4F40-9B57-ED11F2529590}.Debug|Any CPU.Build.0 = Debug|Any CPU
		{8108E397-BA0F-4F40-9B57-ED11F2529590}.Release|Any CPU.ActiveCfg = Release|Any CPU
		{8108E397-BA0F-4F40-9B57-ED11F2529590}.Release|Any CPU.Build.0 = Release|Any CPU
		{E51E706C-7345-434D-A3F7-477876D7239F}.Debug|Any CPU.ActiveCfg = Debug|Any CPU
		{E51E706C-7345-434D-A3F7-477876D7239F}.Debug|Any CPU.Build.0 = Debug|Any CPU
		{E51E706C-7345-434D-A3F7-477876D7239F}.Release|Any CPU.ActiveCfg = Release|Any CPU
		{E51E706C-7345-434D-A3F7-477876D7239F}.Release|Any CPU.Build.0 = Release|Any CPU
		{3B1D3102-044A-4A0A-BF4B-80CB60E9F246}.Debug|Any CPU.ActiveCfg = Debug|Any CPU
		{3B1D3102-044A-4A0A-BF4B-80CB60E9F246}.Debug|Any CPU.Build.0 = Debug|Any CPU
		{3B1D3102-044A-4A0A-BF4B-80CB60E9F246}.Release|Any CPU.ActiveCfg = Release|Any CPU
		{3B1D3102-044A-4A0A-BF4B-80CB60E9F246}.Release|Any CPU.Build.0 = Release|Any CPU
		{8F5030BD-471C-4FFE-B040-990846295F87}.Debug|Any CPU.ActiveCfg = Debug|Any CPU
		{8F5030BD-471C-4FFE-B040-990846295F87}.Debug|Any CPU.Build.0 = Debug|Any CPU
		{8F5030BD-471C-4FFE-B040-990846295F87}.Release|Any CPU.ActiveCfg = Release|Any CPU
		{8F5030BD-471C-4FFE-B040-990846295F87}.Release|Any CPU.Build.0 = Release|Any CPU
		{04AE20F1-CFD0-45EB-B871-3D6E05D148D1}.Debug|Any CPU.ActiveCfg = Debug|Any CPU
		{04AE20F1-CFD0-45EB-B871-3D6E05D148D1}.Debug|Any CPU.Build.0 = Debug|Any CPU
		{04AE20F1-CFD0-45EB-B871-3D6E05D148D1}.Release|Any CPU.ActiveCfg = Release|Any CPU
		{04AE20F1-CFD0-45EB-B871-3D6E05D148D1}.Release|Any CPU.Build.0 = Release|Any CPU
	EndGlobalSection
	GlobalSection(SolutionProperties) = preSolution
		HideSolutionNode = FALSE
	EndGlobalSection
	GlobalSection(ExtensibilityGlobals) = postSolution
		SolutionGuid = {274BD7CC-D4A9-4242-AD39-D54D30926CE8}
	EndGlobalSection
EndGlobal
